
Microsoft Visual Studio Solution File, Format Version 12.00
# Visual Studio Version 16
VisualStudioVersion = 16.0.31702.278
MinimumVisualStudioVersion = 10.0.40219.1
Project("{9A19103F-16F7-4668-BE54-9A1E7A4F7556}") = "SQS.Lambda.DotNet", "src\SQS.Lambda.DotNet\SQS.Lambda.DotNet.csproj", "{CF4A374D-304E-495E-A44D-CFD905BF1E6E}"
EndProject
Global
	GlobalSection(SolutionConfigurationPlatforms) = preSolution
		Debug|Any CPU = Debug|Any CPU
		Release|Any CPU = Release|Any CPU
	EndGlobalSection
	GlobalSection(ProjectConfigurationPlatforms) = postSolution
		{CF4A374D-304E-495E-A44D-CFD905BF1E6E}.Debug|Any CPU.ActiveCfg = Debug|Any CPU
		{CF4A374D-304E-495E-A44D-CFD905BF1E6E}.Debug|Any CPU.Build.0 = Debug|Any CPU
		{CF4A374D-304E-495E-A44D-CFD905BF1E6E}.Release|Any CPU.ActiveCfg = Release|Any CPU
		{CF4A374D-304E-495E-A44D-CFD905BF1E6E}.Release|Any CPU.Build.0 = Release|Any CPU
	EndGlobalSection
	GlobalSection(SolutionProperties) = preSolution
		HideSolutionNode = FALSE
	EndGlobalSection
	GlobalSection(ExtensibilityGlobals) = postSolution
		SolutionGuid = {A9D88E89-9925-4E72-88DF-FB11CD49CCFB}
	EndGlobalSection
EndGlobal
