
Microsoft Visual Studio Solution File, Format Version 12.00
# Visual Studio Version 16
VisualStudioVersion = 16.0.31702.278
MinimumVisualStudioVersion = 10.0.40219.1
Project("{9A19103F-16F7-4668-BE54-9A1E7A4F7556}") = "Simple.Lambda.ToSQS.DotNet", "src\Simple.Lambda.ToSQS.DotNet\Simple.Lambda.ToSQS.DotNet.csproj", "{AAC5FE1D-89C4-4B80-A57C-FDE918517A3F}"
EndProject
Global
	GlobalSection(SolutionConfigurationPlatforms) = preSolution
		Debug|Any CPU = Debug|Any CPU
		Release|Any CPU = Release|Any CPU
	EndGlobalSection
	GlobalSection(ProjectConfigurationPlatforms) = postSolution
		{AAC5FE1D-89C4-4B80-A57C-FDE918517A3F}.Debug|Any CPU.ActiveCfg = Debug|Any CPU
		{AAC5FE1D-89C4-4B80-A57C-FDE918517A3F}.Debug|Any CPU.Build.0 = Debug|Any CPU
		{AAC5FE1D-89C4-4B80-A57C-FDE918517A3F}.Release|Any CPU.ActiveCfg = Release|Any CPU
		{AAC5FE1D-89C4-4B80-A57C-FDE918517A3F}.Release|Any CPU.Build.0 = Release|Any CPU
	EndGlobalSection
	GlobalSection(SolutionProperties) = preSolution
		HideSolutionNode = FALSE
	EndGlobalSection
	GlobalSection(ExtensibilityGlobals) = postSolution
		SolutionGuid = {8E56BED4-E68C-42AE-9B11-7E93197E14B3}
	EndGlobalSection
EndGlobal
